
Microsoft Visual Studio Solution File, Format Version 12.00
# Visual Studio Version 17
VisualStudioVersion = 17.8.34322.80
MinimumVisualStudioVersion = 10.0.40219.1
Project("{FAE04EC0-301F-11D3-BF4B-00C04F79EFBC}") = "NbaConsole", "NbaConsole\NbaConsole.csproj", "{0F2C8111-09B4-4F9D-A9ED-D54931459F92}"
EndProject
Global
	GlobalSection(SolutionConfigurationPlatforms) = preSolution
		Debug|Any CPU = Debug|Any CPU
		Release|Any CPU = Release|Any CPU
	EndGlobalSection
	GlobalSection(ProjectConfigurationPlatforms) = postSolution
		{0F2C8111-09B4-4F9D-A9ED-D54931459F92}.Debug|Any CPU.ActiveCfg = Debug|Any CPU
		{0F2C8111-09B4-4F9D-A9ED-D54931459F92}.Debug|Any CPU.Build.0 = Debug|Any CPU
		{0F2C8111-09B4-4F9D-A9ED-D54931459F92}.Release|Any CPU.ActiveCfg = Release|Any CPU
		{0F2C8111-09B4-4F9D-A9ED-D54931459F92}.Release|Any CPU.Build.0 = Release|Any CPU
	EndGlobalSection
	GlobalSection(SolutionProperties) = preSolution
		HideSolutionNode = FALSE
	EndGlobalSection
	GlobalSection(ExtensibilityGlobals) = postSolution
		SolutionGuid = {349697E7-8D14-4F15-B9F9-9D2B14236B5E}
	EndGlobalSection
EndGlobal
